# THIS IS AN AUTOGENERATED FILE. DO NOT EDIT THIS FILE DIRECTLY.
# yarn lockfile v1


"@types/node@*":
  "integrity" "sha512-LSw8TZt12ZudbpHc6EkIyDM3nHVWKYrAvGy6EAJfNfjusbwnThqjqxUKKRwuV3iWYeW/LYMzNgaq3MaLffQ2xA=="
  "resolved" "https://registry.npmjs.org/@types/node/-/node-16.6.2.tgz"
  "version" "16.6.2"

"@types/redis@^2.8.31":
  "integrity" "sha512-daWrrTDYaa5iSDFbgzZ9gOOzyp2AJmYK59OlG/2KGBgYWF3lfs8GDKm1c//tik5Uc93hDD36O+qLPvzDolChbA=="
  "resolved" "https://registry.npmjs.org/@types/redis/-/redis-2.8.31.tgz"
  "version" "2.8.31"
  dependencies:
    "@types/node" "*"

"denque@^1.5.0":
  "integrity" "sha512-CYiCSgIF1p6EUByQPlGkKnP1M9g0ZV3qMIrqMqZqdwazygIA/YP2vrbcyl1h/WppKJTdl1F85cXIle+394iDAQ=="
  "resolved" "https://registry.npmjs.org/denque/-/denque-1.5.0.tgz"
  "version" "1.5.0"

"json5@^2.2.0":
  "integrity" "sha512-f+8cldu7X/y7RAJurMEJmdoKXGB/X550w2Nr3tTbezL6RwEE/iMcm+tZnXeoZtKuOq6ft8+CqzEkrIgx1fPoQA=="
  "resolved" "https://registry.npmjs.org/json5/-/json5-2.2.0.tgz"
  "version" "2.2.0"
  dependencies:
    "minimist" "^1.2.5"

"minimist@^1.2.5":
  "integrity" "sha512-FM9nNUYrRBAELZQT3xeZQ7fmMOBg6nWNmJKTcgsJeaLstP/UODVpGsr5OhXhhXg6f+qtJ8uiZ+PUxkDWcgIXLw=="
  "resolved" "https://registry.npmjs.org/minimist/-/minimist-1.2.5.tgz"
  "version" "1.2.5"

"redis-commands@^1.7.0":
  "integrity" "sha512-nJWqw3bTFy21hX/CPKHth6sfhZbdiHP6bTawSgQBlKOVRG7EZkfHbbHwQJnrE4vsQf0CMNE+3gJ4Fmm16vdVlQ=="
  "resolved" "https://registry.npmjs.org/redis-commands/-/redis-commands-1.7.0.tgz"
  "version" "1.7.0"

"redis-errors@^1.0.0", "redis-errors@^1.2.0":
  "integrity" "sha1-62LSrbFeTq9GEMBK/hUpOEJQq60="
  "resolved" "https://registry.npmjs.org/redis-errors/-/redis-errors-1.2.0.tgz"
  "version" "1.2.0"

"redis-parser@^3.0.0":
  "integrity" "sha1-tm2CjNyv5rS4pCin3vTGvKwxyLQ="
  "resolved" "https://registry.npmjs.org/redis-parser/-/redis-parser-3.0.0.tgz"
  "version" "3.0.0"
  dependencies:
    "redis-errors" "^1.0.0"

"redis@^3.1.2":
  "integrity" "sha512-grn5KoZLr/qrRQVwoSkmzdbw6pwF+/rwODtrOr6vuBRiR/f3rjSTGupbF90Zpqm2oenix8Do6RV7pYEkGwlKkw=="
  "resolved" "https://registry.npmjs.org/redis/-/redis-3.1.2.tgz"
  "version" "3.1.2"
  dependencies:
    "denque" "^1.5.0"
    "redis-commands" "^1.7.0"
    "redis-errors" "^1.2.0"
    "redis-parser" "^3.0.0"

"tsc-hooks@^1.0.9-dev.20210715.1":
  "integrity" "sha512-zm0PhRAOrOFmIkg3L2Wf4GdUrLChTnGLXZmmB66+x1/SMkA9wY5mtdqUz5BcfCxHHULYaSNPQujcczJxAbQBUQ=="
  "resolved" "https://registry.npmjs.org/tsc-hooks/-/tsc-hooks-1.0.9-dev.20210715.1.tgz"
  "version" "1.0.9-dev.20210715.1"
  dependencies:
    "json5" "^2.2.0"
    "typescript" "^4.3.2"

"typescript@^4.3.2", "typescript@^4.3.5":
  "integrity" "sha512-DqQgihaQ9cUrskJo9kIyW/+g0Vxsk8cDtZ52a3NGh0YNTfpUSArXSohyUGnvbPazEPLu398C0UxmKSOrPumUzA=="
  "resolved" "https://registry.npmjs.org/typescript/-/typescript-4.3.5.tgz"
  "version" "4.3.5"

"uWebSockets.js@uNetworking/uWebSockets.js#v19.3.0":
  "resolved" "git+ssh://git@github.com/uNetworking/uWebSockets.js.git#7bf0faac5859fef2d113e83d22803f7833774c11"
  "version" "19.3.0"
